
Microsoft Visual Studio Solution File, Format Version 12.00
# Visual Studio Version 17
VisualStudioVersion = 17.3.32929.385
MinimumVisualStudioVersion = 10.0.40219.1
Project("{FAE04EC0-301F-11D3-BF4B-00C04F79EFBC}") = "Tarea2_4.Android", "Tarea2_4\Tarea2_4.Android\Tarea2_4.Android.csproj", "{C200A717-1388-45C7-9D7B-3920E16B99BC}"
EndProject
Project("{FAE04EC0-301F-11D3-BF4B-00C04F79EFBC}") = "Tarea2_4", "Tarea2_4\Tarea2_4\Tarea2_4.csproj", "{AD2DAC0D-E993-4FB8-BE04-0581014A1919}"
EndProject
Global
	GlobalSection(SolutionConfigurationPlatforms) = preSolution
		Debug|Any CPU = Debug|Any CPU
		Release|Any CPU = Release|Any CPU
	EndGlobalSection
	GlobalSection(ProjectConfigurationPlatforms) = postSolution
		{C200A717-1388-45C7-9D7B-3920E16B99BC}.Debug|Any CPU.ActiveCfg = Debug|Any CPU
		{C200A717-1388-45C7-9D7B-3920E16B99BC}.Debug|Any CPU.Build.0 = Debug|Any CPU
		{C200A717-1388-45C7-9D7B-3920E16B99BC}.Debug|Any CPU.Deploy.0 = Debug|Any CPU
		{C200A717-1388-45C7-9D7B-3920E16B99BC}.Release|Any CPU.ActiveCfg = Release|Any CPU
		{C200A717-1388-45C7-9D7B-3920E16B99BC}.Release|Any CPU.Build.0 = Release|Any CPU
		{C200A717-1388-45C7-9D7B-3920E16B99BC}.Release|Any CPU.Deploy.0 = Release|Any CPU
		{AD2DAC0D-E993-4FB8-BE04-0581014A1919}.Debug|Any CPU.ActiveCfg = Debug|Any CPU
		{AD2DAC0D-E993-4FB8-BE04-0581014A1919}.Debug|Any CPU.Build.0 = Debug|Any CPU
		{AD2DAC0D-E993-4FB8-BE04-0581014A1919}.Debug|Any CPU.Deploy.0 = Debug|Any CPU
		{AD2DAC0D-E993-4FB8-BE04-0581014A1919}.Release|Any CPU.ActiveCfg = Release|Any CPU
		{AD2DAC0D-E993-4FB8-BE04-0581014A1919}.Release|Any CPU.Build.0 = Release|Any CPU
		{AD2DAC0D-E993-4FB8-BE04-0581014A1919}.Release|Any CPU.Deploy.0 = Release|Any CPU
	EndGlobalSection
	GlobalSection(SolutionProperties) = preSolution
		HideSolutionNode = FALSE
	EndGlobalSection
	GlobalSection(ExtensibilityGlobals) = postSolution
		SolutionGuid = {8A8E209B-41E6-4C27-B6C8-124CC8B7443E}
	EndGlobalSection
EndGlobal
